
Microsoft Visual Studio Solution File, Format Version 12.00
# Visual Studio 15
VisualStudioVersion = 15.0.27130.2036
MinimumVisualStudioVersion = 10.0.40219.1
Project("{9A19103F-16F7-4668-BE54-9A1E7A4F7556}") = "Lynn.DAL", "Lynn.DAL\Lynn.DAL.csproj", "{97B2FF36-60BA-4639-B195-2FBB829DC245}"
EndProject
Project("{9A19103F-16F7-4668-BE54-9A1E7A4F7556}") = "Lynn.ServerHost", "Lynn.ServerHost\Lynn.ServerHost.csproj", "{D75F6B1C-F19D-470C-A5DE-A7AEFEA60570}"
EndProject
Project("{9A19103F-16F7-4668-BE54-9A1E7A4F7556}") = "Lynn.BLL", "Lynn.BLL\Lynn.BLL.csproj", "{FFD30708-8F60-4DBC-92C0-99EC0665D0B7}"
	ProjectSection(ProjectDependencies) = postProject
		{97B2FF36-60BA-4639-B195-2FBB829DC245} = {97B2FF36-60BA-4639-B195-2FBB829DC245}
	EndProjectSection
EndProject
Project("{9A19103F-16F7-4668-BE54-9A1E7A4F7556}") = "Lynn.WebAPI", "Lynn.WebAPI\Lynn.WebAPI.csproj", "{F515143E-6F8C-4B2E-AB8C-6B850F7B76A8}"
EndProject
Project("{9A19103F-16F7-4668-BE54-9A1E7A4F7556}") = "Lynn.DTO", "Lynn.DTO\Lynn.DTO.csproj", "{A0022190-7CEA-4C4D-843B-AE4E8F24C9E9}"
EndProject
Project("{9A19103F-16F7-4668-BE54-9A1E7A4F7556}") = "Lynn.TestClient", "Lynn.TestClient\Lynn.TestClient.csproj", "{3C52B1AC-4D73-4550-A009-E0DAFFCF9B0A}"
EndProject
Project("{FAE04EC0-301F-11D3-BF4B-00C04F79EFBC}") = "Lynn.Client", "Lynn.Client\Lynn.Client.csproj", "{D06E8CF6-79A2-4722-8F9A-7E306283740A}"
EndProject
Global
	GlobalSection(SolutionConfigurationPlatforms) = preSolution
		Debug|Any CPU = Debug|Any CPU
		Debug|ARM = Debug|ARM
		Debug|x64 = Debug|x64
		Debug|x86 = Debug|x86
		Release|Any CPU = Release|Any CPU
		Release|ARM = Release|ARM
		Release|x64 = Release|x64
		Release|x86 = Release|x86
	EndGlobalSection
	GlobalSection(ProjectConfigurationPlatforms) = postSolution
		{97B2FF36-60BA-4639-B195-2FBB829DC245}.Debug|Any CPU.ActiveCfg = Debug|Any CPU
		{97B2FF36-60BA-4639-B195-2FBB829DC245}.Debug|Any CPU.Build.0 = Debug|Any CPU
		{97B2FF36-60BA-4639-B195-2FBB829DC245}.Debug|ARM.ActiveCfg = Debug|Any CPU
		{97B2FF36-60BA-4639-B195-2FBB829DC245}.Debug|ARM.Build.0 = Debug|Any CPU
		{97B2FF36-60BA-4639-B195-2FBB829DC245}.Debug|x64.ActiveCfg = Debug|Any CPU
		{97B2FF36-60BA-4639-B195-2FBB829DC245}.Debug|x64.Build.0 = Debug|Any CPU
		{97B2FF36-60BA-4639-B195-2FBB829DC245}.Debug|x86.ActiveCfg = Debug|Any CPU
		{97B2FF36-60BA-4639-B195-2FBB829DC245}.Debug|x86.Build.0 = Debug|Any CPU
		{97B2FF36-60BA-4639-B195-2FBB829DC245}.Release|Any CPU.ActiveCfg = Release|Any CPU
		{97B2FF36-60BA-4639-B195-2FBB829DC245}.Release|Any CPU.Build.0 = Release|Any CPU
		{97B2FF36-60BA-4639-B195-2FBB829DC245}.Release|ARM.ActiveCfg = Release|Any CPU
		{97B2FF36-60BA-4639-B195-2FBB829DC245}.Release|ARM.Build.0 = Release|Any CPU
		{97B2FF36-60BA-4639-B195-2FBB829DC245}.Release|x64.ActiveCfg = Release|Any CPU
		{97B2FF36-60BA-4639-B195-2FBB829DC245}.Release|x64.Build.0 = Release|Any CPU
		{97B2FF36-60BA-4639-B195-2FBB829DC245}.Release|x86.ActiveCfg = Release|Any CPU
		{97B2FF36-60BA-4639-B195-2FBB829DC245}.Release|x86.Build.0 = Release|Any CPU
		{D75F6B1C-F19D-470C-A5DE-A7AEFEA60570}.Debug|Any CPU.ActiveCfg = Debug|Any CPU
		{D75F6B1C-F19D-470C-A5DE-A7AEFEA60570}.Debug|Any CPU.Build.0 = Debug|Any CPU
		{D75F6B1C-F19D-470C-A5DE-A7AEFEA60570}.Debug|ARM.ActiveCfg = Debug|Any CPU
		{D75F6B1C-F19D-470C-A5DE-A7AEFEA60570}.Debug|ARM.Build.0 = Debug|Any CPU
		{D75F6B1C-F19D-470C-A5DE-A7AEFEA60570}.Debug|x64.ActiveCfg = Debug|Any CPU
		{D75F6B1C-F19D-470C-A5DE-A7AEFEA60570}.Debug|x64.Build.0 = Debug|Any CPU
		{D75F6B1C-F19D-470C-A5DE-A7AEFEA60570}.Debug|x86.ActiveCfg = Debug|Any CPU
		{D75F6B1C-F19D-470C-A5DE-A7AEFEA60570}.Debug|x86.Build.0 = Debug|Any CPU
		{D75F6B1C-F19D-470C-A5DE-A7AEFEA60570}.Release|Any CPU.ActiveCfg = Release|Any CPU
		{D75F6B1C-F19D-470C-A5DE-A7AEFEA60570}.Release|Any CPU.Build.0 = Release|Any CPU
		{D75F6B1C-F19D-470C-A5DE-A7AEFEA60570}.Release|ARM.ActiveCfg = Release|Any CPU
		{D75F6B1C-F19D-470C-A5DE-A7AEFEA60570}.Release|ARM.Build.0 = Release|Any CPU
		{D75F6B1C-F19D-470C-A5DE-A7AEFEA60570}.Release|x64.ActiveCfg = Release|Any CPU
		{D75F6B1C-F19D-470C-A5DE-A7AEFEA60570}.Release|x64.Build.0 = Release|Any CPU
		{D75F6B1C-F19D-470C-A5DE-A7AEFEA60570}.Release|x86.ActiveCfg = Release|Any CPU
		{D75F6B1C-F19D-470C-A5DE-A7AEFEA60570}.Release|x86.Build.0 = Release|Any CPU
		{FFD30708-8F60-4DBC-92C0-99EC0665D0B7}.Debug|Any CPU.ActiveCfg = Debug|Any CPU
		{FFD30708-8F60-4DBC-92C0-99EC0665D0B7}.Debug|Any CPU.Build.0 = Debug|Any CPU
		{FFD30708-8F60-4DBC-92C0-99EC0665D0B7}.Debug|ARM.ActiveCfg = Debug|Any CPU
		{FFD30708-8F60-4DBC-92C0-99EC0665D0B7}.Debug|ARM.Build.0 = Debug|Any CPU
		{FFD30708-8F60-4DBC-92C0-99EC0665D0B7}.Debug|x64.ActiveCfg = Debug|Any CPU
		{FFD30708-8F60-4DBC-92C0-99EC0665D0B7}.Debug|x64.Build.0 = Debug|Any CPU
		{FFD30708-8F60-4DBC-92C0-99EC0665D0B7}.Debug|x86.ActiveCfg = Debug|Any CPU
		{FFD30708-8F60-4DBC-92C0-99EC0665D0B7}.Debug|x86.Build.0 = Debug|Any CPU
		{FFD30708-8F60-4DBC-92C0-99EC0665D0B7}.Release|Any CPU.ActiveCfg = Release|Any CPU
		{FFD30708-8F60-4DBC-92C0-99EC0665D0B7}.Release|Any CPU.Build.0 = Release|Any CPU
		{FFD30708-8F60-4DBC-92C0-99EC0665D0B7}.Release|ARM.ActiveCfg = Release|Any CPU
		{FFD30708-8F60-4DBC-92C0-99EC0665D0B7}.Release|ARM.Build.0 = Release|Any CPU
		{FFD30708-8F60-4DBC-92C0-99EC0665D0B7}.Release|x64.ActiveCfg = Release|Any CPU
		{FFD30708-8F60-4DBC-92C0-99EC0665D0B7}.Release|x64.Build.0 = Release|Any CPU
		{FFD30708-8F60-4DBC-92C0-99EC0665D0B7}.Release|x86.ActiveCfg = Release|Any CPU
		{FFD30708-8F60-4DBC-92C0-99EC0665D0B7}.Release|x86.Build.0 = Release|Any CPU
		{F515143E-6F8C-4B2E-AB8C-6B850F7B76A8}.Debug|Any CPU.ActiveCfg = Debug|Any CPU
		{F515143E-6F8C-4B2E-AB8C-6B850F7B76A8}.Debug|Any CPU.Build.0 = Debug|Any CPU
		{F515143E-6F8C-4B2E-AB8C-6B850F7B76A8}.Debug|ARM.ActiveCfg = Debug|Any CPU
		{F515143E-6F8C-4B2E-AB8C-6B850F7B76A8}.Debug|ARM.Build.0 = Debug|Any CPU
		{F515143E-6F8C-4B2E-AB8C-6B850F7B76A8}.Debug|x64.ActiveCfg = Debug|Any CPU
		{F515143E-6F8C-4B2E-AB8C-6B850F7B76A8}.Debug|x64.Build.0 = Debug|Any CPU
		{F515143E-6F8C-4B2E-AB8C-6B850F7B76A8}.Debug|x86.ActiveCfg = Debug|Any CPU
		{F515143E-6F8C-4B2E-AB8C-6B850F7B76A8}.Debug|x86.Build.0 = Debug|Any CPU
		{F515143E-6F8C-4B2E-AB8C-6B850F7B76A8}.Release|Any CPU.ActiveCfg = Release|Any CPU
		{F515143E-6F8C-4B2E-AB8C-6B850F7B76A8}.Release|Any CPU.Build.0 = Release|Any CPU
		{F515143E-6F8C-4B2E-AB8C-6B850F7B76A8}.Release|ARM.ActiveCfg = Release|Any CPU
		{F515143E-6F8C-4B2E-AB8C-6B850F7B76A8}.Release|ARM.Build.0 = Release|Any CPU
		{F515143E-6F8C-4B2E-AB8C-6B850F7B76A8}.Release|x64.ActiveCfg = Release|Any CPU
		{F515143E-6F8C-4B2E-AB8C-6B850F7B76A8}.Release|x64.Build.0 = Release|Any CPU
		{F515143E-6F8C-4B2E-AB8C-6B850F7B76A8}.Release|x86.ActiveCfg = Release|Any CPU
		{F515143E-6F8C-4B2E-AB8C-6B850F7B76A8}.Release|x86.Build.0 = Release|Any CPU
		{A0022190-7CEA-4C4D-843B-AE4E8F24C9E9}.Debug|Any CPU.ActiveCfg = Debug|Any CPU
		{A0022190-7CEA-4C4D-843B-AE4E8F24C9E9}.Debug|Any CPU.Build.0 = Debug|Any CPU
		{A0022190-7CEA-4C4D-843B-AE4E8F24C9E9}.Debug|ARM.ActiveCfg = Debug|Any CPU
		{A0022190-7CEA-4C4D-843B-AE4E8F24C9E9}.Debug|ARM.Build.0 = Debug|Any CPU
		{A0022190-7CEA-4C4D-843B-AE4E8F24C9E9}.Debug|x64.ActiveCfg = Debug|Any CPU
		{A0022190-7CEA-4C4D-843B-AE4E8F24C9E9}.Debug|x64.Build.0 = Debug|Any CPU
		{A0022190-7CEA-4C4D-843B-AE4E8F24C9E9}.Debug|x86.ActiveCfg = Debug|Any CPU
		{A0022190-7CEA-4C4D-843B-AE4E8F24C9E9}.Debug|x86.Build.0 = Debug|Any CPU
		{A0022190-7CEA-4C4D-843B-AE4E8F24C9E9}.Release|Any CPU.ActiveCfg = Release|Any CPU
		{A0022190-7CEA-4C4D-843B-AE4E8F24C9E9}.Release|Any CPU.Build.0 = Release|Any CPU
		{A0022190-7CEA-4C4D-843B-AE4E8F24C9E9}.Release|ARM.ActiveCfg = Release|Any CPU
		{A0022190-7CEA-4C4D-843B-AE4E8F24C9E9}.Release|ARM.Build.0 = Release|Any CPU
		{A0022190-7CEA-4C4D-843B-AE4E8F24C9E9}.Release|x64.ActiveCfg = Release|Any CPU
		{A0022190-7CEA-4C4D-843B-AE4E8F24C9E9}.Release|x64.Build.0 = Release|Any CPU
		{A0022190-7CEA-4C4D-843B-AE4E8F24C9E9}.Release|x86.ActiveCfg = Release|Any CPU
		{A0022190-7CEA-4C4D-843B-AE4E8F24C9E9}.Release|x86.Build.0 = Release|Any CPU
		{3C52B1AC-4D73-4550-A009-E0DAFFCF9B0A}.Debug|Any CPU.ActiveCfg = Debug|Any CPU
		{3C52B1AC-4D73-4550-A009-E0DAFFCF9B0A}.Debug|Any CPU.Build.0 = Debug|Any CPU
		{3C52B1AC-4D73-4550-A009-E0DAFFCF9B0A}.Debug|ARM.ActiveCfg = Debug|Any CPU
		{3C52B1AC-4D73-4550-A009-E0DAFFCF9B0A}.Debug|ARM.Build.0 = Debug|Any CPU
		{3C52B1AC-4D73-4550-A009-E0DAFFCF9B0A}.Debug|x64.ActiveCfg = Debug|Any CPU
		{3C52B1AC-4D73-4550-A009-E0DAFFCF9B0A}.Debug|x64.Build.0 = Debug|Any CPU
		{3C52B1AC-4D73-4550-A009-E0DAFFCF9B0A}.Debug|x86.ActiveCfg = Debug|Any CPU
		{3C52B1AC-4D73-4550-A009-E0DAFFCF9B0A}.Debug|x86.Build.0 = Debug|Any CPU
		{3C52B1AC-4D73-4550-A009-E0DAFFCF9B0A}.Release|Any CPU.ActiveCfg = Release|Any CPU
		{3C52B1AC-4D73-4550-A009-E0DAFFCF9B0A}.Release|Any CPU.Build.0 = Release|Any CPU
		{3C52B1AC-4D73-4550-A009-E0DAFFCF9B0A}.Release|ARM.ActiveCfg = Release|Any CPU
		{3C52B1AC-4D73-4550-A009-E0DAFFCF9B0A}.Release|ARM.Build.0 = Release|Any CPU
		{3C52B1AC-4D73-4550-A009-E0DAFFCF9B0A}.Release|x64.ActiveCfg = Release|Any CPU
		{3C52B1AC-4D73-4550-A009-E0DAFFCF9B0A}.Release|x64.Build.0 = Release|Any CPU
		{3C52B1AC-4D73-4550-A009-E0DAFFCF9B0A}.Release|x86.ActiveCfg = Release|Any CPU
		{3C52B1AC-4D73-4550-A009-E0DAFFCF9B0A}.Release|x86.Build.0 = Release|Any CPU
		{D06E8CF6-79A2-4722-8F9A-7E306283740A}.Debug|Any CPU.ActiveCfg = Debug|x86
		{D06E8CF6-79A2-4722-8F9A-7E306283740A}.Debug|ARM.ActiveCfg = Debug|ARM
		{D06E8CF6-79A2-4722-8F9A-7E306283740A}.Debug|ARM.Build.0 = Debug|ARM
		{D06E8CF6-79A2-4722-8F9A-7E306283740A}.Debug|ARM.Deploy.0 = Debug|ARM
		{D06E8CF6-79A2-4722-8F9A-7E306283740A}.Debug|x64.ActiveCfg = Debug|x64
		{D06E8CF6-79A2-4722-8F9A-7E306283740A}.Debug|x64.Build.0 = Debug|x64
		{D06E8CF6-79A2-4722-8F9A-7E306283740A}.Debug|x64.Deploy.0 = Debug|x64
		{D06E8CF6-79A2-4722-8F9A-7E306283740A}.Debug|x86.ActiveCfg = Debug|x86
		{D06E8CF6-79A2-4722-8F9A-7E306283740A}.Debug|x86.Build.0 = Debug|x86
		{D06E8CF6-79A2-4722-8F9A-7E306283740A}.Debug|x86.Deploy.0 = Debug|x86
		{D06E8CF6-79A2-4722-8F9A-7E306283740A}.Release|Any CPU.ActiveCfg = Release|x86
		{D06E8CF6-79A2-4722-8F9A-7E306283740A}.Release|ARM.ActiveCfg = Release|ARM
		{D06E8CF6-79A2-4722-8F9A-7E306283740A}.Release|ARM.Build.0 = Release|ARM
		{D06E8CF6-79A2-4722-8F9A-7E306283740A}.Release|ARM.Deploy.0 = Release|ARM
		{D06E8CF6-79A2-4722-8F9A-7E306283740A}.Release|x64.ActiveCfg = Release|x64
		{D06E8CF6-79A2-4722-8F9A-7E306283740A}.Release|x64.Build.0 = Release|x64
		{D06E8CF6-79A2-4722-8F9A-7E306283740A}.Release|x64.Deploy.0 = Release|x64
		{D06E8CF6-79A2-4722-8F9A-7E306283740A}.Release|x86.ActiveCfg = Release|x86
		{D06E8CF6-79A2-4722-8F9A-7E306283740A}.Release|x86.Build.0 = Release|x86
		{D06E8CF6-79A2-4722-8F9A-7E306283740A}.Release|x86.Deploy.0 = Release|x86
	EndGlobalSection
	GlobalSection(SolutionProperties) = preSolution
		HideSolutionNode = FALSE
	EndGlobalSection
	GlobalSection(ExtensibilityGlobals) = postSolution
		SolutionGuid = {A28F0B76-D281-4D9E-AC80-90D05E276911}
	EndGlobalSection
EndGlobal
