
Microsoft Visual Studio Solution File, Format Version 12.00
# Visual Studio 15
VisualStudioVersion = 15.0.27130.2036
MinimumVisualStudioVersion = 10.0.40219.1
Project("{9A19103F-16F7-4668-BE54-9A1E7A4F7556}") = "Lynn.DAL", "Lynn.DAL\Lynn.DAL.csproj", "{97B2FF36-60BA-4639-B195-2FBB829DC245}"
EndProject
Project("{9A19103F-16F7-4668-BE54-9A1E7A4F7556}") = "Lynn.WebAPI", "Lynn.WebAPI\Lynn.WebAPI.csproj", "{F515143E-6F8C-4B2E-AB8C-6B850F7B76A8}"
EndProject
Project("{9A19103F-16F7-4668-BE54-9A1E7A4F7556}") = "Lynn.BLL", "Lynn.BLL\Lynn.BLL.csproj", "{B112C34F-6E72-47EF-B6C2-6FBE438CA655}"
EndProject
Project("{FAE04EC0-301F-11D3-BF4B-00C04F79EFBC}") = "Lynn.Client", "Lynn.Client\Lynn.Client.csproj", "{D06E8CF6-79A2-4722-8F9A-7E306283740A}"
EndProject
Project("{9A19103F-16F7-4668-BE54-9A1E7A4F7556}") = "Lynn.DTO", "Lynn.DTO\Lynn.DTO.csproj", "{E163A973-7C06-43C5-930B-7C2AE47F8CA0}"
EndProject
Global
	GlobalSection(SolutionConfigurationPlatforms) = preSolution
		Debug|Any CPU = Debug|Any CPU
		Debug|ARM = Debug|ARM
		Debug|x64 = Debug|x64
		Debug|x86 = Debug|x86
		Release|Any CPU = Release|Any CPU
		Release|ARM = Release|ARM
		Release|x64 = Release|x64
		Release|x86 = Release|x86
	EndGlobalSection
	GlobalSection(ProjectConfigurationPlatforms) = postSolution
		{97B2FF36-60BA-4639-B195-2FBB829DC245}.Debug|Any CPU.ActiveCfg = Debug|Any CPU
		{97B2FF36-60BA-4639-B195-2FBB829DC245}.Debug|Any CPU.Build.0 = Debug|Any CPU
		{97B2FF36-60BA-4639-B195-2FBB829DC245}.Debug|ARM.ActiveCfg = Debug|Any CPU
		{97B2FF36-60BA-4639-B195-2FBB829DC245}.Debug|ARM.Build.0 = Debug|Any CPU
		{97B2FF36-60BA-4639-B195-2FBB829DC245}.Debug|x64.ActiveCfg = Debug|Any CPU
		{97B2FF36-60BA-4639-B195-2FBB829DC245}.Debug|x64.Build.0 = Debug|Any CPU
		{97B2FF36-60BA-4639-B195-2FBB829DC245}.Debug|x86.ActiveCfg = Debug|Any CPU
		{97B2FF36-60BA-4639-B195-2FBB829DC245}.Debug|x86.Build.0 = Debug|Any CPU
		{97B2FF36-60BA-4639-B195-2FBB829DC245}.Release|Any CPU.ActiveCfg = Release|Any CPU
		{97B2FF36-60BA-4639-B195-2FBB829DC245}.Release|Any CPU.Build.0 = Release|Any CPU
		{97B2FF36-60BA-4639-B195-2FBB829DC245}.Release|ARM.ActiveCfg = Release|Any CPU
		{97B2FF36-60BA-4639-B195-2FBB829DC245}.Release|ARM.Build.0 = Release|Any CPU
		{97B2FF36-60BA-4639-B195-2FBB829DC245}.Release|x64.ActiveCfg = Release|Any CPU
		{97B2FF36-60BA-4639-B195-2FBB829DC245}.Release|x64.Build.0 = Release|Any CPU
		{97B2FF36-60BA-4639-B195-2FBB829DC245}.Release|x86.ActiveCfg = Release|Any CPU
		{97B2FF36-60BA-4639-B195-2FBB829DC245}.Release|x86.Build.0 = Release|Any CPU
		{F515143E-6F8C-4B2E-AB8C-6B850F7B76A8}.Debug|Any CPU.ActiveCfg = Debug|Any CPU
		{F515143E-6F8C-4B2E-AB8C-6B850F7B76A8}.Debug|Any CPU.Build.0 = Debug|Any CPU
		{F515143E-6F8C-4B2E-AB8C-6B850F7B76A8}.Debug|ARM.ActiveCfg = Debug|Any CPU
		{F515143E-6F8C-4B2E-AB8C-6B850F7B76A8}.Debug|ARM.Build.0 = Debug|Any CPU
		{F515143E-6F8C-4B2E-AB8C-6B850F7B76A8}.Debug|x64.ActiveCfg = Debug|Any CPU
		{F515143E-6F8C-4B2E-AB8C-6B850F7B76A8}.Debug|x64.Build.0 = Debug|Any CPU
		{F515143E-6F8C-4B2E-AB8C-6B850F7B76A8}.Debug|x86.ActiveCfg = Debug|Any CPU
		{F515143E-6F8C-4B2E-AB8C-6B850F7B76A8}.Debug|x86.Build.0 = Debug|Any CPU
		{F515143E-6F8C-4B2E-AB8C-6B850F7B76A8}.Release|Any CPU.ActiveCfg = Release|Any CPU
		{F515143E-6F8C-4B2E-AB8C-6B850F7B76A8}.Release|Any CPU.Build.0 = Release|Any CPU
		{F515143E-6F8C-4B2E-AB8C-6B850F7B76A8}.Release|ARM.ActiveCfg = Release|Any CPU
		{F515143E-6F8C-4B2E-AB8C-6B850F7B76A8}.Release|ARM.Build.0 = Release|Any CPU
		{F515143E-6F8C-4B2E-AB8C-6B850F7B76A8}.Release|x64.ActiveCfg = Release|Any CPU
		{F515143E-6F8C-4B2E-AB8C-6B850F7B76A8}.Release|x64.Build.0 = Release|Any CPU
		{F515143E-6F8C-4B2E-AB8C-6B850F7B76A8}.Release|x86.ActiveCfg = Release|Any CPU
		{F515143E-6F8C-4B2E-AB8C-6B850F7B76A8}.Release|x86.Build.0 = Release|Any CPU
		{B112C34F-6E72-47EF-B6C2-6FBE438CA655}.Debug|Any CPU.ActiveCfg = Debug|Any CPU
		{B112C34F-6E72-47EF-B6C2-6FBE438CA655}.Debug|Any CPU.Build.0 = Debug|Any CPU
		{B112C34F-6E72-47EF-B6C2-6FBE438CA655}.Debug|ARM.ActiveCfg = Debug|Any CPU
		{B112C34F-6E72-47EF-B6C2-6FBE438CA655}.Debug|ARM.Build.0 = Debug|Any CPU
		{B112C34F-6E72-47EF-B6C2-6FBE438CA655}.Debug|x64.ActiveCfg = Debug|Any CPU
		{B112C34F-6E72-47EF-B6C2-6FBE438CA655}.Debug|x64.Build.0 = Debug|Any CPU
		{B112C34F-6E72-47EF-B6C2-6FBE438CA655}.Debug|x86.ActiveCfg = Debug|Any CPU
		{B112C34F-6E72-47EF-B6C2-6FBE438CA655}.Debug|x86.Build.0 = Debug|Any CPU
		{B112C34F-6E72-47EF-B6C2-6FBE438CA655}.Release|Any CPU.ActiveCfg = Release|Any CPU
		{B112C34F-6E72-47EF-B6C2-6FBE438CA655}.Release|Any CPU.Build.0 = Release|Any CPU
		{B112C34F-6E72-47EF-B6C2-6FBE438CA655}.Release|ARM.ActiveCfg = Release|Any CPU
		{B112C34F-6E72-47EF-B6C2-6FBE438CA655}.Release|ARM.Build.0 = Release|Any CPU
		{B112C34F-6E72-47EF-B6C2-6FBE438CA655}.Release|x64.ActiveCfg = Release|Any CPU
		{B112C34F-6E72-47EF-B6C2-6FBE438CA655}.Release|x64.Build.0 = Release|Any CPU
		{B112C34F-6E72-47EF-B6C2-6FBE438CA655}.Release|x86.ActiveCfg = Release|Any CPU
		{B112C34F-6E72-47EF-B6C2-6FBE438CA655}.Release|x86.Build.0 = Release|Any CPU
		{D06E8CF6-79A2-4722-8F9A-7E306283740A}.Debug|Any CPU.ActiveCfg = Debug|x86
		{D06E8CF6-79A2-4722-8F9A-7E306283740A}.Debug|ARM.ActiveCfg = Debug|ARM
		{D06E8CF6-79A2-4722-8F9A-7E306283740A}.Debug|ARM.Build.0 = Debug|ARM
		{D06E8CF6-79A2-4722-8F9A-7E306283740A}.Debug|ARM.Deploy.0 = Debug|ARM
		{D06E8CF6-79A2-4722-8F9A-7E306283740A}.Debug|x64.ActiveCfg = Debug|x64
		{D06E8CF6-79A2-4722-8F9A-7E306283740A}.Debug|x64.Build.0 = Debug|x64
		{D06E8CF6-79A2-4722-8F9A-7E306283740A}.Debug|x64.Deploy.0 = Debug|x64
		{D06E8CF6-79A2-4722-8F9A-7E306283740A}.Debug|x86.ActiveCfg = Debug|x86
		{D06E8CF6-79A2-4722-8F9A-7E306283740A}.Debug|x86.Build.0 = Debug|x86
		{D06E8CF6-79A2-4722-8F9A-7E306283740A}.Debug|x86.Deploy.0 = Debug|x86
		{D06E8CF6-79A2-4722-8F9A-7E306283740A}.Release|Any CPU.ActiveCfg = Release|x86
		{D06E8CF6-79A2-4722-8F9A-7E306283740A}.Release|ARM.ActiveCfg = Release|ARM
		{D06E8CF6-79A2-4722-8F9A-7E306283740A}.Release|ARM.Build.0 = Release|ARM
		{D06E8CF6-79A2-4722-8F9A-7E306283740A}.Release|ARM.Deploy.0 = Release|ARM
		{D06E8CF6-79A2-4722-8F9A-7E306283740A}.Release|x64.ActiveCfg = Release|x64
		{D06E8CF6-79A2-4722-8F9A-7E306283740A}.Release|x64.Build.0 = Release|x64
		{D06E8CF6-79A2-4722-8F9A-7E306283740A}.Release|x64.Deploy.0 = Release|x64
		{D06E8CF6-79A2-4722-8F9A-7E306283740A}.Release|x86.ActiveCfg = Release|x86
		{D06E8CF6-79A2-4722-8F9A-7E306283740A}.Release|x86.Build.0 = Release|x86
		{D06E8CF6-79A2-4722-8F9A-7E306283740A}.Release|x86.Deploy.0 = Release|x86
		{E163A973-7C06-43C5-930B-7C2AE47F8CA0}.Debug|Any CPU.ActiveCfg = Debug|Any CPU
		{E163A973-7C06-43C5-930B-7C2AE47F8CA0}.Debug|Any CPU.Build.0 = Debug|Any CPU
		{E163A973-7C06-43C5-930B-7C2AE47F8CA0}.Debug|ARM.ActiveCfg = Debug|Any CPU
		{E163A973-7C06-43C5-930B-7C2AE47F8CA0}.Debug|ARM.Build.0 = Debug|Any CPU
		{E163A973-7C06-43C5-930B-7C2AE47F8CA0}.Debug|x64.ActiveCfg = Debug|Any CPU
		{E163A973-7C06-43C5-930B-7C2AE47F8CA0}.Debug|x64.Build.0 = Debug|Any CPU
		{E163A973-7C06-43C5-930B-7C2AE47F8CA0}.Debug|x86.ActiveCfg = Debug|Any CPU
		{E163A973-7C06-43C5-930B-7C2AE47F8CA0}.Debug|x86.Build.0 = Debug|Any CPU
		{E163A973-7C06-43C5-930B-7C2AE47F8CA0}.Release|Any CPU.ActiveCfg = Release|Any CPU
		{E163A973-7C06-43C5-930B-7C2AE47F8CA0}.Release|Any CPU.Build.0 = Release|Any CPU
		{E163A973-7C06-43C5-930B-7C2AE47F8CA0}.Release|ARM.ActiveCfg = Release|Any CPU
		{E163A973-7C06-43C5-930B-7C2AE47F8CA0}.Release|ARM.Build.0 = Release|Any CPU
		{E163A973-7C06-43C5-930B-7C2AE47F8CA0}.Release|x64.ActiveCfg = Release|Any CPU
		{E163A973-7C06-43C5-930B-7C2AE47F8CA0}.Release|x64.Build.0 = Release|Any CPU
		{E163A973-7C06-43C5-930B-7C2AE47F8CA0}.Release|x86.ActiveCfg = Release|Any CPU
		{E163A973-7C06-43C5-930B-7C2AE47F8CA0}.Release|x86.Build.0 = Release|Any CPU
	EndGlobalSection
	GlobalSection(SolutionProperties) = preSolution
		HideSolutionNode = FALSE
	EndGlobalSection
	GlobalSection(ExtensibilityGlobals) = postSolution
		SolutionGuid = {A28F0B76-D281-4D9E-AC80-90D05E276911}
	EndGlobalSection
EndGlobal
